
Microsoft Visual Studio Solution File, Format Version 12.00
# Visual Studio Version 17
VisualStudioVersion = 17.5.33502.453
MinimumVisualStudioVersion = 10.0.40219.1
Project("{8BC9CEB8-8B4A-11D0-8D11-00A0C91BC942}") = "허프만2", "허프만2\허프만2.vcxproj", "{F2421A27-EFBF-41FB-80F0-BF76DF359371}"
EndProject
Global
	GlobalSection(SolutionConfigurationPlatforms) = preSolution
		Debug|x64 = Debug|x64
		Debug|x86 = Debug|x86
		Release|x64 = Release|x64
		Release|x86 = Release|x86
	EndGlobalSection
	GlobalSection(ProjectConfigurationPlatforms) = postSolution
		{F2421A27-EFBF-41FB-80F0-BF76DF359371}.Debug|x64.ActiveCfg = Debug|x64
		{F2421A27-EFBF-41FB-80F0-BF76DF359371}.Debug|x64.Build.0 = Debug|x64
		{F2421A27-EFBF-41FB-80F0-BF76DF359371}.Debug|x86.ActiveCfg = Debug|Win32
		{F2421A27-EFBF-41FB-80F0-BF76DF359371}.Debug|x86.Build.0 = Debug|Win32
		{F2421A27-EFBF-41FB-80F0-BF76DF359371}.Release|x64.ActiveCfg = Release|x64
		{F2421A27-EFBF-41FB-80F0-BF76DF359371}.Release|x64.Build.0 = Release|x64
		{F2421A27-EFBF-41FB-80F0-BF76DF359371}.Release|x86.ActiveCfg = Release|Win32
		{F2421A27-EFBF-41FB-80F0-BF76DF359371}.Release|x86.Build.0 = Release|Win32
	EndGlobalSection
	GlobalSection(SolutionProperties) = preSolution
		HideSolutionNode = FALSE
	EndGlobalSection
	GlobalSection(ExtensibilityGlobals) = postSolution
		SolutionGuid = {E9401103-6051-4166-9F5C-9C2B067C5117}
	EndGlobalSection
EndGlobal
